
Microsoft Visual Studio Solution File, Format Version 12.00
# Visual Studio Version 16
VisualStudioVersion = 16.0.29920.165
MinimumVisualStudioVersion = 10.0.40219.1
Project("{FAE04EC0-301F-11D3-BF4B-00C04F79EFBC}") = "MailSlave", "MailSlave\MailSlave.csproj", "{5A768E74-A8B2-4EFD-869C-AA5791071855}"
EndProject
Global
	GlobalSection(SolutionConfigurationPlatforms) = preSolution
		Debug|Any CPU = Debug|Any CPU
		Release|Any CPU = Release|Any CPU
	EndGlobalSection
	GlobalSection(ProjectConfigurationPlatforms) = postSolution
		{5A768E74-A8B2-4EFD-869C-AA5791071855}.Debug|Any CPU.ActiveCfg = Debug|Any CPU
		{5A768E74-A8B2-4EFD-869C-AA5791071855}.Debug|Any CPU.Build.0 = Debug|Any CPU
		{5A768E74-A8B2-4EFD-869C-AA5791071855}.Release|Any CPU.ActiveCfg = Release|Any CPU
		{5A768E74-A8B2-4EFD-869C-AA5791071855}.Release|Any CPU.Build.0 = Release|Any CPU
	EndGlobalSection
	GlobalSection(SolutionProperties) = preSolution
		HideSolutionNode = FALSE
	EndGlobalSection
	GlobalSection(ExtensibilityGlobals) = postSolution
		SolutionGuid = {8F0EBA0E-A5D7-4DF4-A778-3674D3AD27F2}
	EndGlobalSection
EndGlobal
